
Microsoft Visual Studio Solution File, Format Version 12.00
# Visual Studio Version 16
VisualStudioVersion = 16.0.31025.194
MinimumVisualStudioVersion = 10.0.40219.1
Project("{FAE04EC0-301F-11D3-BF4B-00C04F79EFBC}") = "Firma.PortalWWW", "Firma.PortalWWW\Firma.PortalWWW.csproj", "{795DCAF9-26CC-45C1-AF72-8FB2867F91A7}"
EndProject
Project("{FAE04EC0-301F-11D3-BF4B-00C04F79EFBC}") = "Firma.Intranet", "Firma.Intranet\Firma.Intranet.csproj", "{F9860F1C-BA18-4ECB-B519-5C2C89086C0A}"
EndProject
Project("{FAE04EC0-301F-11D3-BF4B-00C04F79EFBC}") = "Firma.Data", "Firma.Data\Firma.Data.csproj", "{B913DD55-B6BF-4F7A-B1BE-F84BBEE731CB}"
EndProject
Global
	GlobalSection(SolutionConfigurationPlatforms) = preSolution
		Debug|Any CPU = Debug|Any CPU
		Release|Any CPU = Release|Any CPU
	EndGlobalSection
	GlobalSection(ProjectConfigurationPlatforms) = postSolution
		{795DCAF9-26CC-45C1-AF72-8FB2867F91A7}.Debug|Any CPU.ActiveCfg = Debug|Any CPU
		{795DCAF9-26CC-45C1-AF72-8FB2867F91A7}.Debug|Any CPU.Build.0 = Debug|Any CPU
		{795DCAF9-26CC-45C1-AF72-8FB2867F91A7}.Release|Any CPU.ActiveCfg = Release|Any CPU
		{795DCAF9-26CC-45C1-AF72-8FB2867F91A7}.Release|Any CPU.Build.0 = Release|Any CPU
		{F9860F1C-BA18-4ECB-B519-5C2C89086C0A}.Debug|Any CPU.ActiveCfg = Debug|Any CPU
		{F9860F1C-BA18-4ECB-B519-5C2C89086C0A}.Debug|Any CPU.Build.0 = Debug|Any CPU
		{F9860F1C-BA18-4ECB-B519-5C2C89086C0A}.Release|Any CPU.ActiveCfg = Release|Any CPU
		{F9860F1C-BA18-4ECB-B519-5C2C89086C0A}.Release|Any CPU.Build.0 = Release|Any CPU
		{B913DD55-B6BF-4F7A-B1BE-F84BBEE731CB}.Debug|Any CPU.ActiveCfg = Debug|Any CPU
		{B913DD55-B6BF-4F7A-B1BE-F84BBEE731CB}.Debug|Any CPU.Build.0 = Debug|Any CPU
		{B913DD55-B6BF-4F7A-B1BE-F84BBEE731CB}.Release|Any CPU.ActiveCfg = Release|Any CPU
		{B913DD55-B6BF-4F7A-B1BE-F84BBEE731CB}.Release|Any CPU.Build.0 = Release|Any CPU
	EndGlobalSection
	GlobalSection(SolutionProperties) = preSolution
		HideSolutionNode = FALSE
	EndGlobalSection
	GlobalSection(ExtensibilityGlobals) = postSolution
		SolutionGuid = {495B456D-6F52-4BE9-AEE1-A6EB57E47CBB}
	EndGlobalSection
EndGlobal
